
Microsoft Visual Studio Solution File, Format Version 12.00
# Visual Studio Version 17
VisualStudioVersion = 17.0.31903.59
MinimumVisualStudioVersion = 10.0.40219.1
Project("{FAE04EC0-301F-11D3-BF4B-00C04F79EFBC}") = "DataBase", "DataBase\DataBase.csproj", "{9845BABA-1EB6-4E7D-B7E5-33067CB2E0FE}"
EndProject
Global
	GlobalSection(SolutionConfigurationPlatforms) = preSolution
		Debug|Any CPU = Debug|Any CPU
		Release|Any CPU = Release|Any CPU
	EndGlobalSection
	GlobalSection(ProjectConfigurationPlatforms) = postSolution
		{9845BABA-1EB6-4E7D-B7E5-33067CB2E0FE}.Debug|Any CPU.ActiveCfg = Debug|Any CPU
		{9845BABA-1EB6-4E7D-B7E5-33067CB2E0FE}.Debug|Any CPU.Build.0 = Debug|Any CPU
		{9845BABA-1EB6-4E7D-B7E5-33067CB2E0FE}.Release|Any CPU.ActiveCfg = Release|Any CPU
		{9845BABA-1EB6-4E7D-B7E5-33067CB2E0FE}.Release|Any CPU.Build.0 = Release|Any CPU
	EndGlobalSection
	GlobalSection(SolutionProperties) = preSolution
		HideSolutionNode = FALSE
	EndGlobalSection
	GlobalSection(ExtensibilityGlobals) = postSolution
		SolutionGuid = {5E675338-7C7A-47D0-847A-F90CE516BF8D}
	EndGlobalSection
EndGlobal
