
Microsoft Visual Studio Solution File, Format Version 12.00
# Visual Studio Version 16
VisualStudioVersion = 16.0.31424.327
MinimumVisualStudioVersion = 10.0.40219.1
Project("{FAE04EC0-301F-11D3-BF4B-00C04F79EFBC}") = "Task2", "Task2\Task2.csproj", "{1F49E2CE-CCD7-44FA-8841-D82B3198908A}"
EndProject
Global
	GlobalSection(SolutionConfigurationPlatforms) = preSolution
		Debug|Any CPU = Debug|Any CPU
		Release|Any CPU = Release|Any CPU
	EndGlobalSection
	GlobalSection(ProjectConfigurationPlatforms) = postSolution
		{1F49E2CE-CCD7-44FA-8841-D82B3198908A}.Debug|Any CPU.ActiveCfg = Debug|Any CPU
		{1F49E2CE-CCD7-44FA-8841-D82B3198908A}.Debug|Any CPU.Build.0 = Debug|Any CPU
		{1F49E2CE-CCD7-44FA-8841-D82B3198908A}.Release|Any CPU.ActiveCfg = Release|Any CPU
		{1F49E2CE-CCD7-44FA-8841-D82B3198908A}.Release|Any CPU.Build.0 = Release|Any CPU
	EndGlobalSection
	GlobalSection(SolutionProperties) = preSolution
		HideSolutionNode = FALSE
	EndGlobalSection
	GlobalSection(ExtensibilityGlobals) = postSolution
		SolutionGuid = {B7B205C8-7CA4-49C0-B1E4-4A3F9DB8C652}
	EndGlobalSection
EndGlobal
